
Microsoft Visual Studio Solution File, Format Version 12.00
Project("{FAE04EC0-301F-11D3-BF4B-00C04F79EFBC}") = "binary-generator", "binary-generator.csproj", "{69AAE135-A77C-4606-9B40-79B7E6CE2565}"
EndProject
Global
	GlobalSection(SolutionConfigurationPlatforms) = preSolution
		Debug|Any CPU = Debug|Any CPU
		Release|Any CPU = Release|Any CPU
	EndGlobalSection
	GlobalSection(ProjectConfigurationPlatforms) = postSolution
		{69AAE135-A77C-4606-9B40-79B7E6CE2565}.Debug|Any CPU.ActiveCfg = Debug|Any CPU
		{69AAE135-A77C-4606-9B40-79B7E6CE2565}.Debug|Any CPU.Build.0 = Debug|Any CPU
		{69AAE135-A77C-4606-9B40-79B7E6CE2565}.Release|Any CPU.ActiveCfg = Release|Any CPU
		{69AAE135-A77C-4606-9B40-79B7E6CE2565}.Release|Any CPU.Build.0 = Release|Any CPU
	EndGlobalSection
EndGlobal
